<Solution>
  <Project Path="RideSharing.Client/RideSharing.Client.csproj" />
  <Project Path="RideSharing.Contracts/RideSharing.Contracts.csproj" />
  <Project Path="RideSharing.Data/RideSharing.Data.csproj" />
  <Project Path="RideSharing.Repositories/RideSharing.Repositories.csproj" />
  <Project Path="RideSharing.WebServices/RideSharing.WebServices.csproj" />
</Solution>
